
Microsoft Visual Studio Solution File, Format Version 12.00
# Visual Studio Version 17
VisualStudioVersion = 17.7.34031.279
MinimumVisualStudioVersion = 10.0.40219.1
Project("{FAE04EC0-301F-11D3-BF4B-00C04F79EFBC}") = "Labyrinthe", "Labyrinthe\Labyrinthe.csproj", "{6470DA2F-E348-4221-8E54-5FA07A59D80A}"
EndProject
Global
	GlobalSection(SolutionConfigurationPlatforms) = preSolution
		Debug|Any CPU = Debug|Any CPU
		Release|Any CPU = Release|Any CPU
	EndGlobalSection
	GlobalSection(ProjectConfigurationPlatforms) = postSolution
		{6470DA2F-E348-4221-8E54-5FA07A59D80A}.Debug|Any CPU.ActiveCfg = Debug|Any CPU
		{6470DA2F-E348-4221-8E54-5FA07A59D80A}.Debug|Any CPU.Build.0 = Debug|Any CPU
		{6470DA2F-E348-4221-8E54-5FA07A59D80A}.Release|Any CPU.ActiveCfg = Release|Any CPU
		{6470DA2F-E348-4221-8E54-5FA07A59D80A}.Release|Any CPU.Build.0 = Release|Any CPU
	EndGlobalSection
	GlobalSection(SolutionProperties) = preSolution
		HideSolutionNode = FALSE
	EndGlobalSection
	GlobalSection(ExtensibilityGlobals) = postSolution
		SolutionGuid = {FB24183A-2640-488A-A743-5CC0A1B4EA48}
	EndGlobalSection
EndGlobal
